// !$*UTF8*$!
{
	archiveVersion = 1;
	classes = {
	};
	objectVersion = 50;
	objects = {

/* Begin PBXBuildFile section */
		AC0F319B210C782D00CA438C /* AppDelegate.swift in Sources */ = {isa = PBXBuildFile; fileRef = AC0F319A210C782D00CA438C /* AppDelegate.swift */; };
		AC0F31A1210C782D00CA438C /* GameScene.swift in Sources */ = {isa = PBXBuildFile; fileRef = AC0F31A0210C782D00CA438C /* GameScene.swift */; };
		AC0F31A3210C782D00CA438C /* GameViewController.swift in Sources */ = {isa = PBXBuildFile; fileRef = AC0F31A2210C782D00CA438C /* GameViewController.swift */; };
		AC0F31A6210C782D00CA438C /* Main.storyboard in Resources */ = {isa = PBXBuildFile; fileRef = AC0F31A4210C782D00CA438C /* Main.storyboard */; };
		AC0F31A8210C782E00CA438C /* Assets.xcassets in Resources */ = {isa = PBXBuildFile; fileRef = AC0F31A7210C782E00CA438C /* Assets.xcassets */; };
		AC0F31AB210C782E00CA438C /* LaunchScreen.storyboard in Resources */ = {isa = PBXBuildFile; fileRef = AC0F31A9210C782E00CA438C /* LaunchScreen.storyboard */; };
		AC0F31B7210CB99000CA438C /* Settings.swift in Sources */ = {isa = PBXBuildFile; fileRef = AC0F31B6210CB99000CA438C /* Settings.swift */; };
		AC0F31B9210D901100CA438C /* MenuScene.swift in Sources */ = {isa = PBXBuildFile; fileRef = AC0F31B8210D901100CA438C /* MenuScene.swift */; };
		AC0F31BB210F452200CA438C /* ting.wav in Resources */ = {isa = PBXBuildFile; fileRef = AC0F31BA210F452200CA438C /* ting.wav */; };
/* End PBXBuildFile section */

/* Begin PBXFileReference section */
		AC0F3197210C782D00CA438C /* ColorFall.app */ = {isa = PBXFileReference; explicitFileType = wrapper.application; includeInIndex = 0; path = ColorFall.app; sourceTree = BUILT_PRODUCTS_DIR; };
		AC0F319A210C782D00CA438C /* AppDelegate.swift */ = {isa = PBXFileReference; lastKnownFileType = sourcecode.swift; path = AppDelegate.swift; sourceTree = "<group>"; };
		AC0F31A0210C782D00CA438C /* GameScene.swift */ = {isa = PBXFileReference; lastKnownFileType = sourcecode.swift; path = GameScene.swift; sourceTree = "<group>"; };
		AC0F31A2210C782D00CA438C /* GameViewController.swift */ = {isa = PBXFileReference; lastKnownFileType = sourcecode.swift; path = GameViewController.swift; sourceTree = "<group>"; };
		AC0F31A5210C782D00CA438C /* Base */ = {isa = PBXFileReference; lastKnownFileType = file.storyboard; name = Base; path = Base.lproj/Main.storyboard; sourceTree = "<group>"; };
		AC0F31A7210C782E00CA438C /* Assets.xcassets */ = {isa = PBXFileReference; lastKnownFileType = folder.assetcatalog; path = Assets.xcassets; sourceTree = "<group>"; };
		AC0F31AA210C782E00CA438C /* Base */ = {isa = PBXFileReference; lastKnownFileType = file.storyboard; name = Base; path = Base.lproj/LaunchScreen.storyboard; sourceTree = "<group>"; };
		AC0F31AC210C782E00CA438C /* Info.plist */ = {isa = PBXFileReference; lastKnownFileType = text.plist.xml; path = Info.plist; sourceTree = "<group>"; };
		AC0F31B6210CB99000CA438C /* Settings.swift */ = {isa = PBXFileReference; lastKnownFileType = sourcecode.swift; path = Settings.swift; sourceTree = "<group>"; };
		AC0F31B8210D901100CA438C /* MenuScene.swift */ = {isa = PBXFileReference; lastKnownFileType = sourcecode.swift; path = MenuScene.swift; sourceTree = "<group>"; };
		AC0F31BA210F452200CA438C /* ting.wav */ = {isa = PBXFileReference; lastKnownFileType = audio.wav; path = ting.wav; sourceTree = "<group>"; };
/* End PBXFileReference section */

/* Begin PBXFrameworksBuildPhase section */
		AC0F3194210C782D00CA438C /* Frameworks */ = {
			isa = PBXFrameworksBuildPhase;
			buildActionMask = 2147483647;
			files = (
			);
			runOnlyForDeploymentPostprocessing = 0;
		};
/* End PBXFrameworksBuildPhase section */

/* Begin PBXGroup section */
		AC0F318E210C782D00CA438C = {
			isa = PBXGroup;
			children = (
				AC0F3199210C782D00CA438C /* ColorFall */,
				AC0F3198210C782D00CA438C /* Products */,
			);
			sourceTree = "<group>";
		};
		AC0F3198210C782D00CA438C /* Products */ = {
			isa = PBXGroup;
			children = (
				AC0F3197210C782D00CA438C /* ColorFall.app */,
			);
			name = Products;
			sourceTree = "<group>";
		};
		AC0F3199210C782D00CA438C /* ColorFall */ = {
			isa = PBXGroup;
			children = (
				AC0F31B4210C81CF00CA438C /* Template */,
				AC0F31B3210C81BD00CA438C /* Scenes */,
				AC0F31B2210C818800CA438C /* ViewController */,
				AC0F31B5210C81EC00CA438C /* Assets */,
				AC0F31AC210C782E00CA438C /* Info.plist */,
				AC0F31BA210F452200CA438C /* ting.wav */,
			);
			path = ColorFall;
			sourceTree = "<group>";
		};
		AC0F31B2210C818800CA438C /* ViewController */ = {
			isa = PBXGroup;
			children = (
				AC0F31A2210C782D00CA438C /* GameViewController.swift */,
			);
			path = ViewController;
			sourceTree = "<group>";
		};
		AC0F31B3210C81BD00CA438C /* Scenes */ = {
			isa = PBXGroup;
			children = (
				AC0F31A0210C782D00CA438C /* GameScene.swift */,
				AC0F31B8210D901100CA438C /* MenuScene.swift */,
			);
			path = Scenes;
			sourceTree = "<group>";
		};
		AC0F31B4210C81CF00CA438C /* Template */ = {
			isa = PBXGroup;
			children = (
				AC0F319A210C782D00CA438C /* AppDelegate.swift */,
				AC0F31B6210CB99000CA438C /* Settings.swift */,
			);
			path = Template;
			sourceTree = "<group>";
		};
		AC0F31B5210C81EC00CA438C /* Assets */ = {
			isa = PBXGroup;
			children = (
				AC0F31A4210C782D00CA438C /* Main.storyboard */,
				AC0F31A7210C782E00CA438C /* Assets.xcassets */,
				AC0F31A9210C782E00CA438C /* LaunchScreen.storyboard */,
			);
			path = Assets;
			sourceTree = "<group>";
		};
/* End PBXGroup section */

/* Begin PBXNativeTarget section */
		AC0F3196210C782D00CA438C /* ColorFall */ = {
			isa = PBXNativeTarget;
			buildConfigurationList = AC0F31AF210C782E00CA438C /* Build configuration list for PBXNativeTarget "ColorFall" */;
			buildPhases = (
				AC0F3193210C782D00CA438C /* Sources */,
				AC0F3194210C782D00CA438C /* Frameworks */,
				AC0F3195210C782D00CA438C /* Resources */,
			);
			buildRules = (
			);
			dependencies = (
			);
			name = ColorFall;
			productName = ColorFall;
			productReference = AC0F3197210C782D00CA438C /* ColorFall.app */;
			productType = "com.apple.product-type.application";
		};
/* End PBXNativeTarget section */

/* Begin PBXProject section */
		AC0F318F210C782D00CA438C /* Project object */ = {
			isa = PBXProject;
			attributes = {
				LastSwiftUpdateCheck = 0940;
				LastUpgradeCheck = 0940;
				ORGANIZATIONNAME = "Saurav Gupta";
				TargetAttributes = {
					AC0F3196210C782D00CA438C = {
						CreatedOnToolsVersion = 9.4.1;
					};
				};
			};
			buildConfigurationList = AC0F3192210C782D00CA438C /* Build configuration list for PBXProject "ColorFall" */;
			compatibilityVersion = "Xcode 9.3";
			developmentRegion = en;
			hasScannedForEncodings = 0;
			knownRegions = (
				en,
				Base,
			);
			mainGroup = AC0F318E210C782D00CA438C;
			productRefGroup = AC0F3198210C782D00CA438C /* Products */;
			projectDirPath = "";
			projectRoot = "";
			targets = (
				AC0F3196210C782D00CA438C /* ColorFall */,
			);
		};
/* End PBXProject section */

/* Begin PBXResourcesBuildPhase section */
		AC0F3195210C782D00CA438C /* Resources */ = {
			isa = PBXResourcesBuildPhase;
			buildActionMask = 2147483647;
			files = (
				AC0F31A6210C782D00CA438C /* Main.storyboard in Resources */,
				AC0F31A8210C782E00CA438C /* Assets.xcassets in Resources */,
				AC0F31BB210F452200CA438C /* ting.wav in Resources */,
				AC0F31AB210C782E00CA438C /* LaunchScreen.storyboard in Resources */,
			);
			runOnlyForDeploymentPostprocessing = 0;
		};
/* End PBXResourcesBuildPhase section */

/* Begin PBXSourcesBuildPhase section */
		AC0F3193210C782D00CA438C /* Sources */ = {
			isa = PBXSourcesBuildPhase;
			buildActionMask = 2147483647;
			files = (
				AC0F31A1210C782D00CA438C /* GameScene.swift in Sources */,
				AC0F31A3210C782D00CA438C /* GameViewController.swift in Sources */,
				AC0F31B9210D901100CA438C /* MenuScene.swift in Sources */,
				AC0F31B7210CB99000CA438C /* Settings.swift in Sources */,
				AC0F319B210C782D00CA438C /* AppDelegate.swift in Sources */,
			);
			runOnlyForDeploymentPostprocessing = 0;
		};
/* End PBXSourcesBuildPhase section */

/* Begin PBXVariantGroup section */
		AC0F31A4210C782D00CA438C /* Main.storyboard */ = {
			isa = PBXVariantGroup;
			children = (
				AC0F31A5210C782D00CA438C /* Base */,
			);
			name = Main.storyboard;
			sourceTree = "<group>";
		};
		AC0F31A9210C782E00CA438C /* LaunchScreen.storyboard */ = {
			isa = PBXVariantGroup;
			children = (
				AC0F31AA210C782E00CA438C /* Base */,
			);
			name = LaunchScreen.storyboard;
			sourceTree = "<group>";
		};
/* End PBXVariantGroup section */

/* Begin XCBuildConfiguration section */
		AC0F31AD210C782E00CA438C /* Debug */ = {
			isa = XCBuildConfiguration;
			buildSettings = {
				ALWAYS_SEARCH_USER_PATHS = NO;
				CLANG_ANALYZER_NONNULL = YES;
				CLANG_ANALYZER_NUMBER_OBJECT_CONVERSION = YES_AGGRESSIVE;
				CLANG_CXX_LANGUAGE_STANDARD = "gnu++14";
				CLANG_CXX_LIBRARY = "libc++";
				CLANG_ENABLE_MODULES = YES;
				CLANG_ENABLE_OBJC_ARC = YES;
				CLANG_ENABLE_OBJC_WEAK = YES;
				CLANG_WARN_BLOCK_CAPTURE_AUTORELEASING = YES;
				CLANG_WARN_BOOL_CONVERSION = YES;
				CLANG_WARN_COMMA = YES;
				CLANG_WARN_CONSTANT_CONVERSION = YES;
				CLANG_WARN_DEPRECATED_OBJC_IMPLEMENTATIONS = YES;
				CLANG_WARN_DIRECT_OBJC_ISA_USAGE = YES_ERROR;
				CLANG_WARN_DOCUMENTATION_COMMENTS = YES;
				CLANG_WARN_EMPTY_BODY = YES;
				CLANG_WARN_ENUM_CONVERSION = YES;
				CLANG_WARN_INFINITE_RECURSION = YES;
				CLANG_WARN_INT_CONVERSION = YES;
				CLANG_WARN_NON_LITERAL_NULL_CONVERSION = YES;
				CLANG_WARN_OBJC_IMPLICIT_RETAIN_SELF = YES;
				CLANG_WARN_OBJC_LITERAL_CONVERSION = YES;
				CLANG_WARN_OBJC_ROOT_CLASS = YES_ERROR;
				CLANG_WARN_RANGE_LOOP_ANALYSIS = YES;
				CLANG_WARN_STRICT_PROTOTYPES = YES;
				CLANG_WARN_SUSPICIOUS_MOVE = YES;
				CLANG_WARN_UNGUARDED_AVAILABILITY = YES_AGGRESSIVE;
				CLANG_WARN_UNREACHABLE_CODE = YES;
				CLANG_WARN__DUPLICATE_METHOD_MATCH = YES;
				CODE_SIGN_IDENTITY = "iPhone Developer";
				COPY_PHASE_STRIP = NO;
				DEBUG_INFORMATION_FORMAT = dwarf;
				ENABLE_STRICT_OBJC_MSGSEND = YES;
				ENABLE_TESTABILITY = YES;
				GCC_C_LANGUAGE_STANDARD = gnu11;
				GCC_DYNAMIC_NO_PIC = NO;
				GCC_NO_COMMON_BLOCKS = YES;
				GCC_OPTIMIZATION_LEVEL = 0;
				GCC_PREPROCESSOR_DEFINITIONS = (
					"DEBUG=1",
					"$(inherited)",
				);
				GCC_WARN_64_TO_32_BIT_CONVERSION = YES;
				GCC_WARN_ABOUT_RETURN_TYPE = YES_ERROR;
				GCC_WARN_UNDECLARED_SELECTOR = YES;
				GCC_WARN_UNINITIALIZED_AUTOS = YES_AGGRESSIVE;
				GCC_WARN_UNUSED_FUNCTION = YES;
				GCC_WARN_UNUSED_VARIABLE = YES;
				IPHONEOS_DEPLOYMENT_TARGET = 11.4;
				MTL_ENABLE_DEBUG_INFO = YES;
				ONLY_ACTIVE_ARCH = YES;
				SDKROOT = iphoneos;
				SWIFT_ACTIVE_COMPILATION_CONDITIONS = DEBUG;
				SWIFT_OPTIMIZATION_LEVEL = "-Onone";
			};
			name = Debug;
		};
		AC0F31AE210C782E00CA438C /* Release */ = {
			isa = XCBuildConfiguration;
			buildSettings = {
				ALWAYS_SEARCH_USER_PATHS = NO;
				CLANG_ANALYZER_NONNULL = YES;
				CLANG_ANALYZER_NUMBER_OBJECT_CONVERSION = YES_AGGRESSIVE;
				CLANG_CXX_LANGUAGE_STANDARD = "gnu++14";
				CLANG_CXX_LIBRARY = "libc++";
				CLANG_ENABLE_MODULES = YES;
				CLANG_ENABLE_OBJC_ARC = YES;
				CLANG_ENABLE_OBJC_WEAK = YES;
				CLANG_WARN_BLOCK_CAPTURE_AUTORELEASING = YES;
				CLANG_WARN_BOOL_CONVERSION = YES;
				CLANG_WARN_COMMA = YES;
				CLANG_WARN_CONSTANT_CONVERSION = YES;
				CLANG_WARN_DEPRECATED_OBJC_IMPLEMENTATIONS = YES;
				CLANG_WARN_DIRECT_OBJC_ISA_USAGE = YES_ERROR;
				CLANG_WARN_DOCUMENTATION_COMMENTS = YES;
				CLANG_WARN_EMPTY_BODY = YES;
				CLANG_WARN_ENUM_CONVERSION = YES;
				CLANG_WARN_INFINITE_RECURSION = YES;
				CLANG_WARN_INT_CONVERSION = YES;
				CLANG_WARN_NON_LITERAL_NULL_CONVERSION = YES;
				CLANG_WARN_OBJC_IMPLICIT_RETAIN_SELF = YES;
				CLANG_WARN_OBJC_LITERAL_CONVERSION = YES;
				CLANG_WARN_OBJC_ROOT_CLASS = YES_ERROR;
				CLANG_WARN_RANGE_LOOP_ANALYSIS = YES;
				CLANG_WARN_STRICT_PROTOTYPES = YES;
				CLANG_WARN_SUSPICIOUS_MOVE = YES;
				CLANG_WARN_UNGUARDED_AVAILABILITY = YES_AGGRESSIVE;
				CLANG_WARN_UNREACHABLE_CODE = YES;
				CLANG_WARN__DUPLICATE_METHOD_MATCH = YES;
				CODE_SIGN_IDENTITY = "iPhone Developer";
				COPY_PHASE_STRIP = NO;
				DEBUG_INFORMATION_FORMAT = "dwarf-with-dsym";
				ENABLE_NS_ASSERTIONS = NO;
				ENABLE_STRICT_OBJC_MSGSEND = YES;
				GCC_C_LANGUAGE_STANDARD = gnu11;
				GCC_NO_COMMON_BLOCKS = YES;
				GCC_WARN_64_TO_32_BIT_CONVERSION = YES;
				GCC_WARN_ABOUT_RETURN_TYPE = YES_ERROR;
				GCC_WARN_UNDECLARED_SELECTOR = YES;
				GCC_WARN_UNINITIALIZED_AUTOS = YES_AGGRESSIVE;
				GCC_WARN_UNUSED_FUNCTION = YES;
				GCC_WARN_UNUSED_VARIABLE = YES;
				IPHONEOS_DEPLOYMENT_TARGET = 11.4;
				MTL_ENABLE_DEBUG_INFO = NO;
				SDKROOT = iphoneos;
				SWIFT_COMPILATION_MODE = wholemodule;
				SWIFT_OPTIMIZATION_LEVEL = "-O";
				VALIDATE_PRODUCT = YES;
			};
			name = Release;
		};
		AC0F31B0210C782E00CA438C /* Debug */ = {
			isa = XCBuildConfiguration;
			buildSettings = {
				ASSETCATALOG_COMPILER_APPICON_NAME = AppIcon;
				CODE_SIGN_STYLE = Automatic;
				DEVELOPMENT_TEAM = Q3F7H3J7A8;
				INFOPLIST_FILE = ColorFall/Info.plist;
				LD_RUNPATH_SEARCH_PATHS = (
					"$(inherited)",
					"@executable_path/Frameworks",
				);
				PRODUCT_BUNDLE_IDENTIFIER = com.SGDev.ColorFall;
				PRODUCT_NAME = "$(TARGET_NAME)";
				SWIFT_VERSION = 4.0;
				TARGETED_DEVICE_FAMILY = "1,2";
			};
			name = Debug;
		};
		AC0F31B1210C782E00CA438C /* Release */ = {
			isa = XCBuildConfiguration;
			buildSettings = {
				ASSETCATALOG_COMPILER_APPICON_NAME = AppIcon;
				CODE_SIGN_STYLE = Automatic;
				DEVELOPMENT_TEAM = Q3F7H3J7A8;
				INFOPLIST_FILE = ColorFall/Info.plist;
				LD_RUNPATH_SEARCH_PATHS = (
					"$(inherited)",
					"@executable_path/Frameworks",
				);
				PRODUCT_BUNDLE_IDENTIFIER = com.SGDev.ColorFall;
				PRODUCT_NAME = "$(TARGET_NAME)";
				SWIFT_VERSION = 4.0;
				TARGETED_DEVICE_FAMILY = "1,2";
			};
			name = Release;
		};
/* End XCBuildConfiguration section */

/* Begin XCConfigurationList section */
		AC0F3192210C782D00CA438C /* Build configuration list for PBXProject "ColorFall" */ = {
			isa = XCConfigurationList;
			buildConfigurations = (
				AC0F31AD210C782E00CA438C /* Debug */,
				AC0F31AE210C782E00CA438C /* Release */,
			);
			defaultConfigurationIsVisible = 0;
			defaultConfigurationName = Release;
		};
		AC0F31AF210C782E00CA438C /* Build configuration list for PBXNativeTarget "ColorFall" */ = {
			isa = XCConfigurationList;
			buildConfigurations = (
				AC0F31B0210C782E00CA438C /* Debug */,
				AC0F31B1210C782E00CA438C /* Release */,
			);
			defaultConfigurationIsVisible = 0;
			defaultConfigurationName = Release;
		};
/* End XCConfigurationList section */
	};
	rootObject = AC0F318F210C782D00CA438C /* Project object */;
}
